
Microsoft Visual Studio Solution File, Format Version 12.00
# Visual Studio 14
VisualStudioVersion = 14.0.25420.1
MinimumVisualStudioVersion = 10.0.40219.1
Project("{FAE04EC0-301F-11D3-BF4B-00C04F79EFBC}") = "MainSoftLib.Web", "MainSoftLib.WebMethods\MainSoftLib.Web.csproj", "{0E7F11F3-6174-4218-8A45-2F4FF4122517}"
EndProject
Project("{FAE04EC0-301F-11D3-BF4B-00C04F79EFBC}") = "MainSoftLib", "MainSoftLib\MainSoftLib.csproj", "{0BF5723B-B224-48A4-88CC-C3F0CE3C4F71}"
EndProject
Project("{FAE04EC0-301F-11D3-BF4B-00C04F79EFBC}") = "MainSoftLib.TwoCaptcha.Api", "MainSoftLib.TwoCaptcha.Api\MainSoftLib.TwoCaptcha.Api.csproj", "{A5C8D7B8-1C99-462D-A31A-E8BD953C7B12}"
EndProject
Project("{FAE04EC0-301F-11D3-BF4B-00C04F79EFBC}") = "MainSoftLib.Compress", "MainSoftLib.Compress\MainSoftLib.Compress.csproj", "{BBB76760-6833-4595-8944-9A199630CB97}"
EndProject
Project("{FAE04EC0-301F-11D3-BF4B-00C04F79EFBC}") = "MainSoftLib.DeviceInformation", "MainSoftLib.DeviceInformation\MainSoftLib.DeviceInformation.csproj", "{702991D4-E31A-4309-A7ED-A902E5A113FF}"
EndProject
Project("{FAE04EC0-301F-11D3-BF4B-00C04F79EFBC}") = "MainSoftLib.Encryption", "MainSoftLib.Encryption\MainSoftLib.Encryption.csproj", "{68057037-601D-4B9C-8F81-1C2D39FF61EE}"
EndProject
Project("{FAE04EC0-301F-11D3-BF4B-00C04F79EFBC}") = "MainSoftLib.Password", "MainSoftLib.Password\MainSoftLib.Password.csproj", "{B17A0697-5BDE-4B85-899B-BBAF85EC8018}"
EndProject
Project("{FAE04EC0-301F-11D3-BF4B-00C04F79EFBC}") = "MainSoftLib.Regedit", "MainSoftLib.Regedit\MainSoftLib.Regedit.csproj", "{BDDBC9C4-68DC-4429-BEB9-696042F68D15}"
EndProject
Project("{FAE04EC0-301F-11D3-BF4B-00C04F79EFBC}") = "MainSoftLib.Logs", "MainSoftLib.Logs\MainSoftLib.Logs.csproj", "{BB3FD378-7FBF-4587-893E-C47BE1FE0668}"
EndProject
Project("{FAE04EC0-301F-11D3-BF4B-00C04F79EFBC}") = "MainSoftLib.Validation", "MainSoftLib.Validation\MainSoftLib.Validation.csproj", "{84730D62-9F13-4661-AA28-AF86827D8C69}"
EndProject
Project("{FAE04EC0-301F-11D3-BF4B-00C04F79EFBC}") = "MainSoftLib.Extension", "MainSoftLib.Extension\MainSoftLib.Extension.csproj", "{3AB1BB41-0E7E-4FC8-9AE9-84049071FE99}"
EndProject
Project("{FAE04EC0-301F-11D3-BF4B-00C04F79EFBC}") = "MainSoftLib.Structure", "MainSoftLib.Structure\MainSoftLib.Structure.csproj", "{5514515F-F49A-4DE8-B60D-AF47AD6F5B7F}"
EndProject
Project("{FAE04EC0-301F-11D3-BF4B-00C04F79EFBC}") = "MainSoftLib.Protocols.Tcp", "MainSoftLib.Protocols.Tcp\MainSoftLib.Protocols.Tcp.csproj", "{45C44429-4861-431E-B514-3124D2652D60}"
EndProject
Project("{FAE04EC0-301F-11D3-BF4B-00C04F79EFBC}") = "MainSoftLib.Protocols.Serial", "MainSoftLib.Protocols.Serial\MainSoftLib.Protocols.Serial.csproj", "{31EA611D-0128-4C65-8E5C-F7AE076A4A1C}"
EndProject
Project("{FAE04EC0-301F-11D3-BF4B-00C04F79EFBC}") = "MainSoftLib.Protocols.Udp", "MainSoftLib.Protocols.Udp\MainSoftLib.Protocols.Udp.csproj", "{4E783A73-E972-4E6D-A165-CDE1C3CD968B}"
EndProject
Project("{FAE04EC0-301F-11D3-BF4B-00C04F79EFBC}") = "MainSoftLib.Database.Sqlite", "MainSoftLib.Database.Sqlite\MainSoftLib.Database.Sqlite.csproj", "{B5C6F07B-9630-4A82-A90C-D4DA09F08A4E}"
EndProject
Project("{FAE04EC0-301F-11D3-BF4B-00C04F79EFBC}") = "MainSoftLib.Database.MySql", "MainSoftLib.Database.MySql\MainSoftLib.Database.MySql.csproj", "{1C155360-48C4-42B0-9D76-1F54ECBC9A69}"
EndProject
Project("{2150E333-8FDC-42A3-9474-1A3956D46DE8}") = ".nuget", ".nuget", "{658BAB5A-2B47-4E86-93E3-C13E1DAD6EDC}"
	ProjectSection(SolutionItems) = preProject
		.nuget\NuGet.Config = .nuget\NuGet.Config
		.nuget\NuGet.exe = .nuget\NuGet.exe
		.nuget\NuGet.targets = .nuget\NuGet.targets
	EndProjectSection
EndProject
Project("{FAE04EC0-301F-11D3-BF4B-00C04F79EFBC}") = "MainSoftLib.PayuLatam", "MainSoftLib.PayuLatam\MainSoftLib.PayuLatam.csproj", "{AB83EDDA-F3CF-40C7-B62D-8475251DFCEA}"
EndProject
Project("{FAE04EC0-301F-11D3-BF4B-00C04F79EFBC}") = "MainSoftLib.MathExpressions", "MainSoftLib.MathExpressions\MainSoftLib.MathExpressions.csproj", "{B6813448-FCE2-429C-81B5-9722FEA839B8}"
EndProject
Project("{FAE04EC0-301F-11D3-BF4B-00C04F79EFBC}") = "MainSoftLib.Image", "MainSoftLib.Image\MainSoftLib.Image.csproj", "{B6D62536-9092-4309-9A36-D173012F0156}"
EndProject
Project("{FAE04EC0-301F-11D3-BF4B-00C04F79EFBC}") = "MainSoftLib.Captcha.Solver", "MainSoftLib.Captcha.Solver\MainSoftLib.Captcha.Solver.csproj", "{97E86512-65E9-4EDC-B87C-3E3948606A27}"
EndProject
Global
	GlobalSection(SolutionConfigurationPlatforms) = preSolution
		Debug|Any CPU = Debug|Any CPU
		Debug|x64 = Debug|x64
		Debug|x86 = Debug|x86
		Release|Any CPU = Release|Any CPU
		Release|x64 = Release|x64
		Release|x86 = Release|x86
	EndGlobalSection
	GlobalSection(ProjectConfigurationPlatforms) = postSolution
		{0E7F11F3-6174-4218-8A45-2F4FF4122517}.Debug|Any CPU.ActiveCfg = Debug|Any CPU
		{0E7F11F3-6174-4218-8A45-2F4FF4122517}.Debug|Any CPU.Build.0 = Debug|Any CPU
		{0E7F11F3-6174-4218-8A45-2F4FF4122517}.Debug|x64.ActiveCfg = Debug|Any CPU
		{0E7F11F3-6174-4218-8A45-2F4FF4122517}.Debug|x64.Build.0 = Debug|Any CPU
		{0E7F11F3-6174-4218-8A45-2F4FF4122517}.Debug|x86.ActiveCfg = Debug|Any CPU
		{0E7F11F3-6174-4218-8A45-2F4FF4122517}.Debug|x86.Build.0 = Debug|Any CPU
		{0E7F11F3-6174-4218-8A45-2F4FF4122517}.Release|Any CPU.ActiveCfg = Release|Any CPU
		{0E7F11F3-6174-4218-8A45-2F4FF4122517}.Release|Any CPU.Build.0 = Release|Any CPU
		{0E7F11F3-6174-4218-8A45-2F4FF4122517}.Release|x64.ActiveCfg = Release|Any CPU
		{0E7F11F3-6174-4218-8A45-2F4FF4122517}.Release|x64.Build.0 = Release|Any CPU
		{0E7F11F3-6174-4218-8A45-2F4FF4122517}.Release|x86.ActiveCfg = Release|Any CPU
		{0E7F11F3-6174-4218-8A45-2F4FF4122517}.Release|x86.Build.0 = Release|Any CPU
		{0BF5723B-B224-48A4-88CC-C3F0CE3C4F71}.Debug|Any CPU.ActiveCfg = Debug|Any CPU
		{0BF5723B-B224-48A4-88CC-C3F0CE3C4F71}.Debug|Any CPU.Build.0 = Debug|Any CPU
		{0BF5723B-B224-48A4-88CC-C3F0CE3C4F71}.Debug|x64.ActiveCfg = Debug|Any CPU
		{0BF5723B-B224-48A4-88CC-C3F0CE3C4F71}.Debug|x64.Build.0 = Debug|Any CPU
		{0BF5723B-B224-48A4-88CC-C3F0CE3C4F71}.Debug|x86.ActiveCfg = Debug|Any CPU
		{0BF5723B-B224-48A4-88CC-C3F0CE3C4F71}.Debug|x86.Build.0 = Debug|Any CPU
		{0BF5723B-B224-48A4-88CC-C3F0CE3C4F71}.Release|Any CPU.ActiveCfg = Release|Any CPU
		{0BF5723B-B224-48A4-88CC-C3F0CE3C4F71}.Release|Any CPU.Build.0 = Release|Any CPU
		{0BF5723B-B224-48A4-88CC-C3F0CE3C4F71}.Release|x64.ActiveCfg = Release|Any CPU
		{0BF5723B-B224-48A4-88CC-C3F0CE3C4F71}.Release|x64.Build.0 = Release|Any CPU
		{0BF5723B-B224-48A4-88CC-C3F0CE3C4F71}.Release|x86.ActiveCfg = Release|Any CPU
		{0BF5723B-B224-48A4-88CC-C3F0CE3C4F71}.Release|x86.Build.0 = Release|Any CPU
		{A5C8D7B8-1C99-462D-A31A-E8BD953C7B12}.Debug|Any CPU.ActiveCfg = Debug|Any CPU
		{A5C8D7B8-1C99-462D-A31A-E8BD953C7B12}.Debug|Any CPU.Build.0 = Debug|Any CPU
		{A5C8D7B8-1C99-462D-A31A-E8BD953C7B12}.Debug|x64.ActiveCfg = Debug|Any CPU
		{A5C8D7B8-1C99-462D-A31A-E8BD953C7B12}.Debug|x64.Build.0 = Debug|Any CPU
		{A5C8D7B8-1C99-462D-A31A-E8BD953C7B12}.Debug|x86.ActiveCfg = Debug|Any CPU
		{A5C8D7B8-1C99-462D-A31A-E8BD953C7B12}.Debug|x86.Build.0 = Debug|Any CPU
		{A5C8D7B8-1C99-462D-A31A-E8BD953C7B12}.Release|Any CPU.ActiveCfg = Release|Any CPU
		{A5C8D7B8-1C99-462D-A31A-E8BD953C7B12}.Release|Any CPU.Build.0 = Release|Any CPU
		{A5C8D7B8-1C99-462D-A31A-E8BD953C7B12}.Release|x64.ActiveCfg = Release|Any CPU
		{A5C8D7B8-1C99-462D-A31A-E8BD953C7B12}.Release|x64.Build.0 = Release|Any CPU
		{A5C8D7B8-1C99-462D-A31A-E8BD953C7B12}.Release|x86.ActiveCfg = Release|Any CPU
		{A5C8D7B8-1C99-462D-A31A-E8BD953C7B12}.Release|x86.Build.0 = Release|Any CPU
		{BBB76760-6833-4595-8944-9A199630CB97}.Debug|Any CPU.ActiveCfg = Debug|Any CPU
		{BBB76760-6833-4595-8944-9A199630CB97}.Debug|Any CPU.Build.0 = Debug|Any CPU
		{BBB76760-6833-4595-8944-9A199630CB97}.Debug|x64.ActiveCfg = Debug|Any CPU
		{BBB76760-6833-4595-8944-9A199630CB97}.Debug|x64.Build.0 = Debug|Any CPU
		{BBB76760-6833-4595-8944-9A199630CB97}.Debug|x86.ActiveCfg = Debug|Any CPU
		{BBB76760-6833-4595-8944-9A199630CB97}.Debug|x86.Build.0 = Debug|Any CPU
		{BBB76760-6833-4595-8944-9A199630CB97}.Release|Any CPU.ActiveCfg = Release|Any CPU
		{BBB76760-6833-4595-8944-9A199630CB97}.Release|Any CPU.Build.0 = Release|Any CPU
		{BBB76760-6833-4595-8944-9A199630CB97}.Release|x64.ActiveCfg = Release|Any CPU
		{BBB76760-6833-4595-8944-9A199630CB97}.Release|x64.Build.0 = Release|Any CPU
		{BBB76760-6833-4595-8944-9A199630CB97}.Release|x86.ActiveCfg = Release|Any CPU
		{BBB76760-6833-4595-8944-9A199630CB97}.Release|x86.Build.0 = Release|Any CPU
		{702991D4-E31A-4309-A7ED-A902E5A113FF}.Debug|Any CPU.ActiveCfg = Debug|Any CPU
		{702991D4-E31A-4309-A7ED-A902E5A113FF}.Debug|Any CPU.Build.0 = Debug|Any CPU
		{702991D4-E31A-4309-A7ED-A902E5A113FF}.Debug|x64.ActiveCfg = Debug|Any CPU
		{702991D4-E31A-4309-A7ED-A902E5A113FF}.Debug|x64.Build.0 = Debug|Any CPU
		{702991D4-E31A-4309-A7ED-A902E5A113FF}.Debug|x86.ActiveCfg = Debug|Any CPU
		{702991D4-E31A-4309-A7ED-A902E5A113FF}.Debug|x86.Build.0 = Debug|Any CPU
		{702991D4-E31A-4309-A7ED-A902E5A113FF}.Release|Any CPU.ActiveCfg = Release|Any CPU
		{702991D4-E31A-4309-A7ED-A902E5A113FF}.Release|Any CPU.Build.0 = Release|Any CPU
		{702991D4-E31A-4309-A7ED-A902E5A113FF}.Release|x64.ActiveCfg = Release|Any CPU
		{702991D4-E31A-4309-A7ED-A902E5A113FF}.Release|x64.Build.0 = Release|Any CPU
		{702991D4-E31A-4309-A7ED-A902E5A113FF}.Release|x86.ActiveCfg = Release|Any CPU
		{702991D4-E31A-4309-A7ED-A902E5A113FF}.Release|x86.Build.0 = Release|Any CPU
		{68057037-601D-4B9C-8F81-1C2D39FF61EE}.Debug|Any CPU.ActiveCfg = Debug|Any CPU
		{68057037-601D-4B9C-8F81-1C2D39FF61EE}.Debug|Any CPU.Build.0 = Debug|Any CPU
		{68057037-601D-4B9C-8F81-1C2D39FF61EE}.Debug|x64.ActiveCfg = Debug|Any CPU
		{68057037-601D-4B9C-8F81-1C2D39FF61EE}.Debug|x64.Build.0 = Debug|Any CPU
		{68057037-601D-4B9C-8F81-1C2D39FF61EE}.Debug|x86.ActiveCfg = Debug|Any CPU
		{68057037-601D-4B9C-8F81-1C2D39FF61EE}.Debug|x86.Build.0 = Debug|Any CPU
		{68057037-601D-4B9C-8F81-1C2D39FF61EE}.Release|Any CPU.ActiveCfg = Release|Any CPU
		{68057037-601D-4B9C-8F81-1C2D39FF61EE}.Release|Any CPU.Build.0 = Release|Any CPU
		{68057037-601D-4B9C-8F81-1C2D39FF61EE}.Release|x64.ActiveCfg = Release|Any CPU
		{68057037-601D-4B9C-8F81-1C2D39FF61EE}.Release|x64.Build.0 = Release|Any CPU
		{68057037-601D-4B9C-8F81-1C2D39FF61EE}.Release|x86.ActiveCfg = Release|Any CPU
		{68057037-601D-4B9C-8F81-1C2D39FF61EE}.Release|x86.Build.0 = Release|Any CPU
		{B17A0697-5BDE-4B85-899B-BBAF85EC8018}.Debug|Any CPU.ActiveCfg = Debug|Any CPU
		{B17A0697-5BDE-4B85-899B-BBAF85EC8018}.Debug|Any CPU.Build.0 = Debug|Any CPU
		{B17A0697-5BDE-4B85-899B-BBAF85EC8018}.Debug|x64.ActiveCfg = Debug|Any CPU
		{B17A0697-5BDE-4B85-899B-BBAF85EC8018}.Debug|x64.Build.0 = Debug|Any CPU
		{B17A0697-5BDE-4B85-899B-BBAF85EC8018}.Debug|x86.ActiveCfg = Debug|Any CPU
		{B17A0697-5BDE-4B85-899B-BBAF85EC8018}.Debug|x86.Build.0 = Debug|Any CPU
		{B17A0697-5BDE-4B85-899B-BBAF85EC8018}.Release|Any CPU.ActiveCfg = Release|Any CPU
		{B17A0697-5BDE-4B85-899B-BBAF85EC8018}.Release|Any CPU.Build.0 = Release|Any CPU
		{B17A0697-5BDE-4B85-899B-BBAF85EC8018}.Release|x64.ActiveCfg = Release|Any CPU
		{B17A0697-5BDE-4B85-899B-BBAF85EC8018}.Release|x64.Build.0 = Release|Any CPU
		{B17A0697-5BDE-4B85-899B-BBAF85EC8018}.Release|x86.ActiveCfg = Release|Any CPU
		{B17A0697-5BDE-4B85-899B-BBAF85EC8018}.Release|x86.Build.0 = Release|Any CPU
		{BDDBC9C4-68DC-4429-BEB9-696042F68D15}.Debug|Any CPU.ActiveCfg = Debug|Any CPU
		{BDDBC9C4-68DC-4429-BEB9-696042F68D15}.Debug|Any CPU.Build.0 = Debug|Any CPU
		{BDDBC9C4-68DC-4429-BEB9-696042F68D15}.Debug|x64.ActiveCfg = Debug|Any CPU
		{BDDBC9C4-68DC-4429-BEB9-696042F68D15}.Debug|x64.Build.0 = Debug|Any CPU
		{BDDBC9C4-68DC-4429-BEB9-696042F68D15}.Debug|x86.ActiveCfg = Debug|Any CPU
		{BDDBC9C4-68DC-4429-BEB9-696042F68D15}.Debug|x86.Build.0 = Debug|Any CPU
		{BDDBC9C4-68DC-4429-BEB9-696042F68D15}.Release|Any CPU.ActiveCfg = Release|Any CPU
		{BDDBC9C4-68DC-4429-BEB9-696042F68D15}.Release|Any CPU.Build.0 = Release|Any CPU
		{BDDBC9C4-68DC-4429-BEB9-696042F68D15}.Release|x64.ActiveCfg = Release|Any CPU
		{BDDBC9C4-68DC-4429-BEB9-696042F68D15}.Release|x64.Build.0 = Release|Any CPU
		{BDDBC9C4-68DC-4429-BEB9-696042F68D15}.Release|x86.ActiveCfg = Release|Any CPU
		{BDDBC9C4-68DC-4429-BEB9-696042F68D15}.Release|x86.Build.0 = Release|Any CPU
		{BB3FD378-7FBF-4587-893E-C47BE1FE0668}.Debug|Any CPU.ActiveCfg = Debug|Any CPU
		{BB3FD378-7FBF-4587-893E-C47BE1FE0668}.Debug|Any CPU.Build.0 = Debug|Any CPU
		{BB3FD378-7FBF-4587-893E-C47BE1FE0668}.Debug|x64.ActiveCfg = Debug|Any CPU
		{BB3FD378-7FBF-4587-893E-C47BE1FE0668}.Debug|x64.Build.0 = Debug|Any CPU
		{BB3FD378-7FBF-4587-893E-C47BE1FE0668}.Debug|x86.ActiveCfg = Debug|Any CPU
		{BB3FD378-7FBF-4587-893E-C47BE1FE0668}.Debug|x86.Build.0 = Debug|Any CPU
		{BB3FD378-7FBF-4587-893E-C47BE1FE0668}.Release|Any CPU.ActiveCfg = Release|Any CPU
		{BB3FD378-7FBF-4587-893E-C47BE1FE0668}.Release|Any CPU.Build.0 = Release|Any CPU
		{BB3FD378-7FBF-4587-893E-C47BE1FE0668}.Release|x64.ActiveCfg = Release|Any CPU
		{BB3FD378-7FBF-4587-893E-C47BE1FE0668}.Release|x64.Build.0 = Release|Any CPU
		{BB3FD378-7FBF-4587-893E-C47BE1FE0668}.Release|x86.ActiveCfg = Release|Any CPU
		{BB3FD378-7FBF-4587-893E-C47BE1FE0668}.Release|x86.Build.0 = Release|Any CPU
		{84730D62-9F13-4661-AA28-AF86827D8C69}.Debug|Any CPU.ActiveCfg = Debug|Any CPU
		{84730D62-9F13-4661-AA28-AF86827D8C69}.Debug|Any CPU.Build.0 = Debug|Any CPU
		{84730D62-9F13-4661-AA28-AF86827D8C69}.Debug|x64.ActiveCfg = Debug|Any CPU
		{84730D62-9F13-4661-AA28-AF86827D8C69}.Debug|x64.Build.0 = Debug|Any CPU
		{84730D62-9F13-4661-AA28-AF86827D8C69}.Debug|x86.ActiveCfg = Debug|Any CPU
		{84730D62-9F13-4661-AA28-AF86827D8C69}.Debug|x86.Build.0 = Debug|Any CPU
		{84730D62-9F13-4661-AA28-AF86827D8C69}.Release|Any CPU.ActiveCfg = Release|Any CPU
		{84730D62-9F13-4661-AA28-AF86827D8C69}.Release|Any CPU.Build.0 = Release|Any CPU
		{84730D62-9F13-4661-AA28-AF86827D8C69}.Release|x64.ActiveCfg = Release|Any CPU
		{84730D62-9F13-4661-AA28-AF86827D8C69}.Release|x64.Build.0 = Release|Any CPU
		{84730D62-9F13-4661-AA28-AF86827D8C69}.Release|x86.ActiveCfg = Release|Any CPU
		{84730D62-9F13-4661-AA28-AF86827D8C69}.Release|x86.Build.0 = Release|Any CPU
		{3AB1BB41-0E7E-4FC8-9AE9-84049071FE99}.Debug|Any CPU.ActiveCfg = Debug|Any CPU
		{3AB1BB41-0E7E-4FC8-9AE9-84049071FE99}.Debug|Any CPU.Build.0 = Debug|Any CPU
		{3AB1BB41-0E7E-4FC8-9AE9-84049071FE99}.Debug|x64.ActiveCfg = Debug|Any CPU
		{3AB1BB41-0E7E-4FC8-9AE9-84049071FE99}.Debug|x64.Build.0 = Debug|Any CPU
		{3AB1BB41-0E7E-4FC8-9AE9-84049071FE99}.Debug|x86.ActiveCfg = Debug|Any CPU
		{3AB1BB41-0E7E-4FC8-9AE9-84049071FE99}.Debug|x86.Build.0 = Debug|Any CPU
		{3AB1BB41-0E7E-4FC8-9AE9-84049071FE99}.Release|Any CPU.ActiveCfg = Release|Any CPU
		{3AB1BB41-0E7E-4FC8-9AE9-84049071FE99}.Release|Any CPU.Build.0 = Release|Any CPU
		{3AB1BB41-0E7E-4FC8-9AE9-84049071FE99}.Release|x64.ActiveCfg = Release|Any CPU
		{3AB1BB41-0E7E-4FC8-9AE9-84049071FE99}.Release|x64.Build.0 = Release|Any CPU
		{3AB1BB41-0E7E-4FC8-9AE9-84049071FE99}.Release|x86.ActiveCfg = Release|Any CPU
		{3AB1BB41-0E7E-4FC8-9AE9-84049071FE99}.Release|x86.Build.0 = Release|Any CPU
		{5514515F-F49A-4DE8-B60D-AF47AD6F5B7F}.Debug|Any CPU.ActiveCfg = Debug|Any CPU
		{5514515F-F49A-4DE8-B60D-AF47AD6F5B7F}.Debug|Any CPU.Build.0 = Debug|Any CPU
		{5514515F-F49A-4DE8-B60D-AF47AD6F5B7F}.Debug|x64.ActiveCfg = Debug|Any CPU
		{5514515F-F49A-4DE8-B60D-AF47AD6F5B7F}.Debug|x64.Build.0 = Debug|Any CPU
		{5514515F-F49A-4DE8-B60D-AF47AD6F5B7F}.Debug|x86.ActiveCfg = Debug|Any CPU
		{5514515F-F49A-4DE8-B60D-AF47AD6F5B7F}.Debug|x86.Build.0 = Debug|Any CPU
		{5514515F-F49A-4DE8-B60D-AF47AD6F5B7F}.Release|Any CPU.ActiveCfg = Release|Any CPU
		{5514515F-F49A-4DE8-B60D-AF47AD6F5B7F}.Release|Any CPU.Build.0 = Release|Any CPU
		{5514515F-F49A-4DE8-B60D-AF47AD6F5B7F}.Release|x64.ActiveCfg = Release|Any CPU
		{5514515F-F49A-4DE8-B60D-AF47AD6F5B7F}.Release|x64.Build.0 = Release|Any CPU
		{5514515F-F49A-4DE8-B60D-AF47AD6F5B7F}.Release|x86.ActiveCfg = Release|Any CPU
		{5514515F-F49A-4DE8-B60D-AF47AD6F5B7F}.Release|x86.Build.0 = Release|Any CPU
		{45C44429-4861-431E-B514-3124D2652D60}.Debug|Any CPU.ActiveCfg = Debug|Any CPU
		{45C44429-4861-431E-B514-3124D2652D60}.Debug|Any CPU.Build.0 = Debug|Any CPU
		{45C44429-4861-431E-B514-3124D2652D60}.Debug|x64.ActiveCfg = Debug|Any CPU
		{45C44429-4861-431E-B514-3124D2652D60}.Debug|x64.Build.0 = Debug|Any CPU
		{45C44429-4861-431E-B514-3124D2652D60}.Debug|x86.ActiveCfg = Debug|Any CPU
		{45C44429-4861-431E-B514-3124D2652D60}.Debug|x86.Build.0 = Debug|Any CPU
		{45C44429-4861-431E-B514-3124D2652D60}.Release|Any CPU.ActiveCfg = Release|Any CPU
		{45C44429-4861-431E-B514-3124D2652D60}.Release|Any CPU.Build.0 = Release|Any CPU
		{45C44429-4861-431E-B514-3124D2652D60}.Release|x64.ActiveCfg = Release|Any CPU
		{45C44429-4861-431E-B514-3124D2652D60}.Release|x64.Build.0 = Release|Any CPU
		{45C44429-4861-431E-B514-3124D2652D60}.Release|x86.ActiveCfg = Release|Any CPU
		{45C44429-4861-431E-B514-3124D2652D60}.Release|x86.Build.0 = Release|Any CPU
		{31EA611D-0128-4C65-8E5C-F7AE076A4A1C}.Debug|Any CPU.ActiveCfg = Debug|Any CPU
		{31EA611D-0128-4C65-8E5C-F7AE076A4A1C}.Debug|Any CPU.Build.0 = Debug|Any CPU
		{31EA611D-0128-4C65-8E5C-F7AE076A4A1C}.Debug|x64.ActiveCfg = Debug|Any CPU
		{31EA611D-0128-4C65-8E5C-F7AE076A4A1C}.Debug|x64.Build.0 = Debug|Any CPU
		{31EA611D-0128-4C65-8E5C-F7AE076A4A1C}.Debug|x86.ActiveCfg = Debug|Any CPU
		{31EA611D-0128-4C65-8E5C-F7AE076A4A1C}.Debug|x86.Build.0 = Debug|Any CPU
		{31EA611D-0128-4C65-8E5C-F7AE076A4A1C}.Release|Any CPU.ActiveCfg = Release|Any CPU
		{31EA611D-0128-4C65-8E5C-F7AE076A4A1C}.Release|Any CPU.Build.0 = Release|Any CPU
		{31EA611D-0128-4C65-8E5C-F7AE076A4A1C}.Release|x64.ActiveCfg = Release|Any CPU
		{31EA611D-0128-4C65-8E5C-F7AE076A4A1C}.Release|x64.Build.0 = Release|Any CPU
		{31EA611D-0128-4C65-8E5C-F7AE076A4A1C}.Release|x86.ActiveCfg = Release|Any CPU
		{31EA611D-0128-4C65-8E5C-F7AE076A4A1C}.Release|x86.Build.0 = Release|Any CPU
		{4E783A73-E972-4E6D-A165-CDE1C3CD968B}.Debug|Any CPU.ActiveCfg = Debug|Any CPU
		{4E783A73-E972-4E6D-A165-CDE1C3CD968B}.Debug|Any CPU.Build.0 = Debug|Any CPU
		{4E783A73-E972-4E6D-A165-CDE1C3CD968B}.Debug|x64.ActiveCfg = Debug|Any CPU
		{4E783A73-E972-4E6D-A165-CDE1C3CD968B}.Debug|x64.Build.0 = Debug|Any CPU
		{4E783A73-E972-4E6D-A165-CDE1C3CD968B}.Debug|x86.ActiveCfg = Debug|Any CPU
		{4E783A73-E972-4E6D-A165-CDE1C3CD968B}.Debug|x86.Build.0 = Debug|Any CPU
		{4E783A73-E972-4E6D-A165-CDE1C3CD968B}.Release|Any CPU.ActiveCfg = Release|Any CPU
		{4E783A73-E972-4E6D-A165-CDE1C3CD968B}.Release|Any CPU.Build.0 = Release|Any CPU
		{4E783A73-E972-4E6D-A165-CDE1C3CD968B}.Release|x64.ActiveCfg = Release|Any CPU
		{4E783A73-E972-4E6D-A165-CDE1C3CD968B}.Release|x64.Build.0 = Release|Any CPU
		{4E783A73-E972-4E6D-A165-CDE1C3CD968B}.Release|x86.ActiveCfg = Release|Any CPU
		{4E783A73-E972-4E6D-A165-CDE1C3CD968B}.Release|x86.Build.0 = Release|Any CPU
		{B5C6F07B-9630-4A82-A90C-D4DA09F08A4E}.Debug|Any CPU.ActiveCfg = Debug|Any CPU
		{B5C6F07B-9630-4A82-A90C-D4DA09F08A4E}.Debug|Any CPU.Build.0 = Debug|Any CPU
		{B5C6F07B-9630-4A82-A90C-D4DA09F08A4E}.Debug|x64.ActiveCfg = Debug|Any CPU
		{B5C6F07B-9630-4A82-A90C-D4DA09F08A4E}.Debug|x64.Build.0 = Debug|Any CPU
		{B5C6F07B-9630-4A82-A90C-D4DA09F08A4E}.Debug|x86.ActiveCfg = Debug|Any CPU
		{B5C6F07B-9630-4A82-A90C-D4DA09F08A4E}.Debug|x86.Build.0 = Debug|Any CPU
		{B5C6F07B-9630-4A82-A90C-D4DA09F08A4E}.Release|Any CPU.ActiveCfg = Release|Any CPU
		{B5C6F07B-9630-4A82-A90C-D4DA09F08A4E}.Release|Any CPU.Build.0 = Release|Any CPU
		{B5C6F07B-9630-4A82-A90C-D4DA09F08A4E}.Release|x64.ActiveCfg = Release|Any CPU
		{B5C6F07B-9630-4A82-A90C-D4DA09F08A4E}.Release|x64.Build.0 = Release|Any CPU
		{B5C6F07B-9630-4A82-A90C-D4DA09F08A4E}.Release|x86.ActiveCfg = Release|Any CPU
		{B5C6F07B-9630-4A82-A90C-D4DA09F08A4E}.Release|x86.Build.0 = Release|Any CPU
		{1C155360-48C4-42B0-9D76-1F54ECBC9A69}.Debug|Any CPU.ActiveCfg = Debug|Any CPU
		{1C155360-48C4-42B0-9D76-1F54ECBC9A69}.Debug|Any CPU.Build.0 = Debug|Any CPU
		{1C155360-48C4-42B0-9D76-1F54ECBC9A69}.Debug|x64.ActiveCfg = Debug|Any CPU
		{1C155360-48C4-42B0-9D76-1F54ECBC9A69}.Debug|x64.Build.0 = Debug|Any CPU
		{1C155360-48C4-42B0-9D76-1F54ECBC9A69}.Debug|x86.ActiveCfg = Debug|Any CPU
		{1C155360-48C4-42B0-9D76-1F54ECBC9A69}.Debug|x86.Build.0 = Debug|Any CPU
		{1C155360-48C4-42B0-9D76-1F54ECBC9A69}.Release|Any CPU.ActiveCfg = Release|Any CPU
		{1C155360-48C4-42B0-9D76-1F54ECBC9A69}.Release|Any CPU.Build.0 = Release|Any CPU
		{1C155360-48C4-42B0-9D76-1F54ECBC9A69}.Release|x64.ActiveCfg = Release|Any CPU
		{1C155360-48C4-42B0-9D76-1F54ECBC9A69}.Release|x64.Build.0 = Release|Any CPU
		{1C155360-48C4-42B0-9D76-1F54ECBC9A69}.Release|x86.ActiveCfg = Release|Any CPU
		{1C155360-48C4-42B0-9D76-1F54ECBC9A69}.Release|x86.Build.0 = Release|Any CPU
		{AB83EDDA-F3CF-40C7-B62D-8475251DFCEA}.Debug|Any CPU.ActiveCfg = Debug|Any CPU
		{AB83EDDA-F3CF-40C7-B62D-8475251DFCEA}.Debug|Any CPU.Build.0 = Debug|Any CPU
		{AB83EDDA-F3CF-40C7-B62D-8475251DFCEA}.Debug|x64.ActiveCfg = Debug|Any CPU
		{AB83EDDA-F3CF-40C7-B62D-8475251DFCEA}.Debug|x64.Build.0 = Debug|Any CPU
		{AB83EDDA-F3CF-40C7-B62D-8475251DFCEA}.Debug|x86.ActiveCfg = Debug|Any CPU
		{AB83EDDA-F3CF-40C7-B62D-8475251DFCEA}.Debug|x86.Build.0 = Debug|Any CPU
		{AB83EDDA-F3CF-40C7-B62D-8475251DFCEA}.Release|Any CPU.ActiveCfg = Release|Any CPU
		{AB83EDDA-F3CF-40C7-B62D-8475251DFCEA}.Release|Any CPU.Build.0 = Release|Any CPU
		{AB83EDDA-F3CF-40C7-B62D-8475251DFCEA}.Release|x64.ActiveCfg = Release|Any CPU
		{AB83EDDA-F3CF-40C7-B62D-8475251DFCEA}.Release|x64.Build.0 = Release|Any CPU
		{AB83EDDA-F3CF-40C7-B62D-8475251DFCEA}.Release|x86.ActiveCfg = Release|Any CPU
		{AB83EDDA-F3CF-40C7-B62D-8475251DFCEA}.Release|x86.Build.0 = Release|Any CPU
		{B6813448-FCE2-429C-81B5-9722FEA839B8}.Debug|Any CPU.ActiveCfg = Debug|Any CPU
		{B6813448-FCE2-429C-81B5-9722FEA839B8}.Debug|Any CPU.Build.0 = Debug|Any CPU
		{B6813448-FCE2-429C-81B5-9722FEA839B8}.Debug|x64.ActiveCfg = Debug|x64
		{B6813448-FCE2-429C-81B5-9722FEA839B8}.Debug|x64.Build.0 = Debug|x64
		{B6813448-FCE2-429C-81B5-9722FEA839B8}.Debug|x86.ActiveCfg = Debug|x86
		{B6813448-FCE2-429C-81B5-9722FEA839B8}.Debug|x86.Build.0 = Debug|x86
		{B6813448-FCE2-429C-81B5-9722FEA839B8}.Release|Any CPU.ActiveCfg = Release|Any CPU
		{B6813448-FCE2-429C-81B5-9722FEA839B8}.Release|Any CPU.Build.0 = Release|Any CPU
		{B6813448-FCE2-429C-81B5-9722FEA839B8}.Release|x64.ActiveCfg = Release|x64
		{B6813448-FCE2-429C-81B5-9722FEA839B8}.Release|x64.Build.0 = Release|x64
		{B6813448-FCE2-429C-81B5-9722FEA839B8}.Release|x86.ActiveCfg = Release|x86
		{B6813448-FCE2-429C-81B5-9722FEA839B8}.Release|x86.Build.0 = Release|x86
		{B6D62536-9092-4309-9A36-D173012F0156}.Debug|Any CPU.ActiveCfg = Debug|Any CPU
		{B6D62536-9092-4309-9A36-D173012F0156}.Debug|Any CPU.Build.0 = Debug|Any CPU
		{B6D62536-9092-4309-9A36-D173012F0156}.Debug|x64.ActiveCfg = Debug|Any CPU
		{B6D62536-9092-4309-9A36-D173012F0156}.Debug|x64.Build.0 = Debug|Any CPU
		{B6D62536-9092-4309-9A36-D173012F0156}.Debug|x86.ActiveCfg = Debug|Any CPU
		{B6D62536-9092-4309-9A36-D173012F0156}.Debug|x86.Build.0 = Debug|Any CPU
		{B6D62536-9092-4309-9A36-D173012F0156}.Release|Any CPU.ActiveCfg = Release|Any CPU
		{B6D62536-9092-4309-9A36-D173012F0156}.Release|Any CPU.Build.0 = Release|Any CPU
		{B6D62536-9092-4309-9A36-D173012F0156}.Release|x64.ActiveCfg = Release|Any CPU
		{B6D62536-9092-4309-9A36-D173012F0156}.Release|x64.Build.0 = Release|Any CPU
		{B6D62536-9092-4309-9A36-D173012F0156}.Release|x86.ActiveCfg = Release|Any CPU
		{B6D62536-9092-4309-9A36-D173012F0156}.Release|x86.Build.0 = Release|Any CPU
		{97E86512-65E9-4EDC-B87C-3E3948606A27}.Debug|Any CPU.ActiveCfg = Debug|Any CPU
		{97E86512-65E9-4EDC-B87C-3E3948606A27}.Debug|Any CPU.Build.0 = Debug|Any CPU
		{97E86512-65E9-4EDC-B87C-3E3948606A27}.Debug|x64.ActiveCfg = Debug|Any CPU
		{97E86512-65E9-4EDC-B87C-3E3948606A27}.Debug|x64.Build.0 = Debug|Any CPU
		{97E86512-65E9-4EDC-B87C-3E3948606A27}.Debug|x86.ActiveCfg = Debug|Any CPU
		{97E86512-65E9-4EDC-B87C-3E3948606A27}.Debug|x86.Build.0 = Debug|Any CPU
		{97E86512-65E9-4EDC-B87C-3E3948606A27}.Release|Any CPU.ActiveCfg = Release|Any CPU
		{97E86512-65E9-4EDC-B87C-3E3948606A27}.Release|Any CPU.Build.0 = Release|Any CPU
		{97E86512-65E9-4EDC-B87C-3E3948606A27}.Release|x64.ActiveCfg = Release|Any CPU
		{97E86512-65E9-4EDC-B87C-3E3948606A27}.Release|x64.Build.0 = Release|Any CPU
		{97E86512-65E9-4EDC-B87C-3E3948606A27}.Release|x86.ActiveCfg = Release|Any CPU
		{97E86512-65E9-4EDC-B87C-3E3948606A27}.Release|x86.Build.0 = Release|Any CPU
	EndGlobalSection
	GlobalSection(SolutionProperties) = preSolution
		HideSolutionNode = FALSE
	EndGlobalSection
EndGlobal
